
Microsoft Visual Studio Solution File, Format Version 12.00
# Visual Studio Version 17
VisualStudioVersion = 17.0.31903.59
MinimumVisualStudioVersion = 10.0.40219.1
Project("{FAE04EC0-301F-11D3-BF4B-00C04F79EFBC}") = "GoMarket", "GoMarket\GoMarket.csproj", "{BAA88CB8-87B3-4E2F-80C2-88FCF544A5E5}"
EndProject
Project("{FAE04EC0-301F-11D3-BF4B-00C04F79EFBC}") = "GoNotifyMe", "GoNotifyMe\GoNotifyMe.csproj", "{E0E0A2BE-0FA3-4A27-95C2-FC45ECF91050}"
EndProject
Project("{FAE04EC0-301F-11D3-BF4B-00C04F79EFBC}") = "GoMarket.Tests", "GoMarket.Tests\GoMarket.Tests.csproj", "{32063AF5-7891-40D4-906B-8F588A3FA114}"
EndProject
Project("{FAE04EC0-301F-11D3-BF4B-00C04F79EFBC}") = "GoNotifyMe.Tests", "GoNotifyMe.Tests\GoNotifyMe.Tests.csproj", "{EFF7C8E8-D76C-4E9A-BA9B-76775DF0EF15}"
EndProject
Project("{FAE04EC0-301F-11D3-BF4B-00C04F79EFBC}") = "NotifyService", "NotifyService\NotifyService.csproj", "{8CFF478B-3D80-40A2-ACCD-817EDDAAB5DD}"
EndProject
Global
	GlobalSection(SolutionConfigurationPlatforms) = preSolution
		Debug|Any CPU = Debug|Any CPU
		Release|Any CPU = Release|Any CPU
	EndGlobalSection
	GlobalSection(SolutionProperties) = preSolution
		HideSolutionNode = FALSE
	EndGlobalSection
	GlobalSection(ProjectConfigurationPlatforms) = postSolution
		{BAA88CB8-87B3-4E2F-80C2-88FCF544A5E5}.Debug|Any CPU.ActiveCfg = Debug|Any CPU
		{BAA88CB8-87B3-4E2F-80C2-88FCF544A5E5}.Debug|Any CPU.Build.0 = Debug|Any CPU
		{BAA88CB8-87B3-4E2F-80C2-88FCF544A5E5}.Release|Any CPU.ActiveCfg = Release|Any CPU
		{BAA88CB8-87B3-4E2F-80C2-88FCF544A5E5}.Release|Any CPU.Build.0 = Release|Any CPU
		{E0E0A2BE-0FA3-4A27-95C2-FC45ECF91050}.Debug|Any CPU.ActiveCfg = Debug|Any CPU
		{E0E0A2BE-0FA3-4A27-95C2-FC45ECF91050}.Debug|Any CPU.Build.0 = Debug|Any CPU
		{E0E0A2BE-0FA3-4A27-95C2-FC45ECF91050}.Release|Any CPU.ActiveCfg = Release|Any CPU
		{E0E0A2BE-0FA3-4A27-95C2-FC45ECF91050}.Release|Any CPU.Build.0 = Release|Any CPU
		{32063AF5-7891-40D4-906B-8F588A3FA114}.Debug|Any CPU.ActiveCfg = Debug|Any CPU
		{32063AF5-7891-40D4-906B-8F588A3FA114}.Debug|Any CPU.Build.0 = Debug|Any CPU
		{32063AF5-7891-40D4-906B-8F588A3FA114}.Release|Any CPU.ActiveCfg = Release|Any CPU
		{32063AF5-7891-40D4-906B-8F588A3FA114}.Release|Any CPU.Build.0 = Release|Any CPU
		{EFF7C8E8-D76C-4E9A-BA9B-76775DF0EF15}.Debug|Any CPU.ActiveCfg = Debug|Any CPU
		{EFF7C8E8-D76C-4E9A-BA9B-76775DF0EF15}.Debug|Any CPU.Build.0 = Debug|Any CPU
		{EFF7C8E8-D76C-4E9A-BA9B-76775DF0EF15}.Release|Any CPU.ActiveCfg = Release|Any CPU
		{EFF7C8E8-D76C-4E9A-BA9B-76775DF0EF15}.Release|Any CPU.Build.0 = Release|Any CPU
		{8CFF478B-3D80-40A2-ACCD-817EDDAAB5DD}.Debug|Any CPU.ActiveCfg = Debug|Any CPU
		{8CFF478B-3D80-40A2-ACCD-817EDDAAB5DD}.Debug|Any CPU.Build.0 = Debug|Any CPU
		{8CFF478B-3D80-40A2-ACCD-817EDDAAB5DD}.Release|Any CPU.ActiveCfg = Release|Any CPU
		{8CFF478B-3D80-40A2-ACCD-817EDDAAB5DD}.Release|Any CPU.Build.0 = Release|Any CPU
	EndGlobalSection
EndGlobal
